
Microsoft Visual Studio Solution File, Format Version 12.00
# Visual Studio Version 17
VisualStudioVersion = 17.8.34330.188
MinimumVisualStudioVersion = 10.0.40219.1
Project("{9A19103F-16F7-4668-BE54-9A1E7A4F7556}") = "User", "User.csproj", "{E8644CE6-5E15-4CD0-82CB-3B67224B1F14}"
EndProject
Global
	GlobalSection(SolutionConfigurationPlatforms) = preSolution
		Debug|Any CPU = Debug|Any CPU
		Release|Any CPU = Release|Any CPU
	EndGlobalSection
	GlobalSection(ProjectConfigurationPlatforms) = postSolution
		{E8644CE6-5E15-4CD0-82CB-3B67224B1F14}.Debug|Any CPU.ActiveCfg = Debug|Any CPU
		{E8644CE6-5E15-4CD0-82CB-3B67224B1F14}.Debug|Any CPU.Build.0 = Debug|Any CPU
		{E8644CE6-5E15-4CD0-82CB-3B67224B1F14}.Release|Any CPU.ActiveCfg = Release|Any CPU
		{E8644CE6-5E15-4CD0-82CB-3B67224B1F14}.Release|Any CPU.Build.0 = Release|Any CPU
	EndGlobalSection
	GlobalSection(SolutionProperties) = preSolution
		HideSolutionNode = FALSE
	EndGlobalSection
	GlobalSection(ExtensibilityGlobals) = postSolution
		SolutionGuid = {EFF7ADEB-1753-42FA-AD72-1194A98E23B6}
	EndGlobalSection
EndGlobal
