
Microsoft Visual Studio Solution File, Format Version 12.00
# Visual Studio Version 17
VisualStudioVersion = 17.8.34330.188
MinimumVisualStudioVersion = 10.0.40219.1
Project("{FAE04EC0-301F-11D3-BF4B-00C04F79EFBC}") = "Notes", "Notes.csproj", "{94CF755E-21C1-45CC-883A-E0F1A815275F}"
EndProject
Global
	GlobalSection(SolutionConfigurationPlatforms) = preSolution
		Debug|Any CPU = Debug|Any CPU
		Release|Any CPU = Release|Any CPU
	EndGlobalSection
	GlobalSection(ProjectConfigurationPlatforms) = postSolution
		{94CF755E-21C1-45CC-883A-E0F1A815275F}.Debug|Any CPU.ActiveCfg = Debug|Any CPU
		{94CF755E-21C1-45CC-883A-E0F1A815275F}.Debug|Any CPU.Build.0 = Debug|Any CPU
		{94CF755E-21C1-45CC-883A-E0F1A815275F}.Release|Any CPU.ActiveCfg = Release|Any CPU
		{94CF755E-21C1-45CC-883A-E0F1A815275F}.Release|Any CPU.Build.0 = Release|Any CPU
	EndGlobalSection
	GlobalSection(SolutionProperties) = preSolution
		HideSolutionNode = FALSE
	EndGlobalSection
	GlobalSection(ExtensibilityGlobals) = postSolution
		SolutionGuid = {1935CFE8-92D5-438B-B99D-DDB6F04B699C}
	EndGlobalSection
EndGlobal
